
Microsoft Visual Studio Solution File, Format Version 12.00
# Visual Studio Version 17
VisualStudioVersion = 17.2.32519.379
MinimumVisualStudioVersion = 10.0.40219.1
Project("{FAE04EC0-301F-11D3-BF4B-00C04F79EFBC}") = "Asm2DB", "Asm2DB.csproj", "{A7A57FE5-E458-4C82-B629-65E0595ECFEB}"
EndProject
Global
	GlobalSection(SolutionConfigurationPlatforms) = preSolution
		Debug|Any CPU = Debug|Any CPU
		Release|Any CPU = Release|Any CPU
	EndGlobalSection
	GlobalSection(ProjectConfigurationPlatforms) = postSolution
		{A7A57FE5-E458-4C82-B629-65E0595ECFEB}.Debug|Any CPU.ActiveCfg = Debug|Any CPU
		{A7A57FE5-E458-4C82-B629-65E0595ECFEB}.Debug|Any CPU.Build.0 = Debug|Any CPU
		{A7A57FE5-E458-4C82-B629-65E0595ECFEB}.Release|Any CPU.ActiveCfg = Release|Any CPU
		{A7A57FE5-E458-4C82-B629-65E0595ECFEB}.Release|Any CPU.Build.0 = Release|Any CPU
	EndGlobalSection
	GlobalSection(SolutionProperties) = preSolution
		HideSolutionNode = FALSE
	EndGlobalSection
	GlobalSection(ExtensibilityGlobals) = postSolution
		SolutionGuid = {56885779-23C1-4145-9982-400CBB5654AB}
	EndGlobalSection
EndGlobal
